
Microsoft Visual Studio Solution File, Format Version 12.00
# Visual Studio Version 17
VisualStudioVersion = 17.9.34607.119
MinimumVisualStudioVersion = 10.0.40219.1
Project("{FAE04EC0-301F-11D3-BF4B-00C04F79EFBC}") = "Actividad1Tarea", "Actividad1Tarea\Actividad1Tarea.csproj", "{4DDDD5F1-B3A7-44A0-BA7D-310E2E15D9EB}"
EndProject
Global
	GlobalSection(SolutionConfigurationPlatforms) = preSolution
		Debug|Any CPU = Debug|Any CPU
		Release|Any CPU = Release|Any CPU
	EndGlobalSection
	GlobalSection(ProjectConfigurationPlatforms) = postSolution
		{4DDDD5F1-B3A7-44A0-BA7D-310E2E15D9EB}.Debug|Any CPU.ActiveCfg = Debug|Any CPU
		{4DDDD5F1-B3A7-44A0-BA7D-310E2E15D9EB}.Debug|Any CPU.Build.0 = Debug|Any CPU
		{4DDDD5F1-B3A7-44A0-BA7D-310E2E15D9EB}.Release|Any CPU.ActiveCfg = Release|Any CPU
		{4DDDD5F1-B3A7-44A0-BA7D-310E2E15D9EB}.Release|Any CPU.Build.0 = Release|Any CPU
	EndGlobalSection
	GlobalSection(SolutionProperties) = preSolution
		HideSolutionNode = FALSE
	EndGlobalSection
	GlobalSection(ExtensibilityGlobals) = postSolution
		SolutionGuid = {66A0885B-9902-4165-AEDC-1420B755BB26}
	EndGlobalSection
EndGlobal
